
Microsoft Visual Studio Solution File, Format Version 12.00
# Visual Studio Version 17
VisualStudioVersion = 17.0.31912.275
MinimumVisualStudioVersion = 10.0.40219.1
Project("{FAE04EC0-301F-11D3-BF4B-00C04F79EFBC}") = "QATest", "QATest\QATest.csproj", "{77200FDA-B749-4DC0-8172-50A2F900F39E}"
EndProject
Global
	GlobalSection(SolutionConfigurationPlatforms) = preSolution
		Debug|Any CPU = Debug|Any CPU
		Release|Any CPU = Release|Any CPU
	EndGlobalSection
	GlobalSection(ProjectConfigurationPlatforms) = postSolution
		{77200FDA-B749-4DC0-8172-50A2F900F39E}.Debug|Any CPU.ActiveCfg = Debug|Any CPU
		{77200FDA-B749-4DC0-8172-50A2F900F39E}.Debug|Any CPU.Build.0 = Debug|Any CPU
		{77200FDA-B749-4DC0-8172-50A2F900F39E}.Release|Any CPU.ActiveCfg = Release|Any CPU
		{77200FDA-B749-4DC0-8172-50A2F900F39E}.Release|Any CPU.Build.0 = Release|Any CPU
	EndGlobalSection
	GlobalSection(SolutionProperties) = preSolution
		HideSolutionNode = FALSE
	EndGlobalSection
	GlobalSection(ExtensibilityGlobals) = postSolution
		SolutionGuid = {C2725B1D-B978-4839-990C-AD64BA16C82F}
	EndGlobalSection
EndGlobal
